<?xml version="1.0" encoding="utf-8"?>
<Project ToolsVersion="4.0" xmlns="http://schemas.microsoft.com/developer/msbuild/2003">
  <ItemGroup>
    <Filter Include="소스 파일">
      <UniqueIdentifier>{4FC737F1-C7A5-4376-A066-2A32D752A2FF}</UniqueIdentifier>
      <Extensions>cpp;c;cc;cxx;c++;cppm;ixx;def;odl;idl;hpj;bat;asm;asmx</Extensions>
    </Filter>
    <Filter Include="헤더 파일">
      <UniqueIdentifier>{93995380-89BD-4b04-88EB-625FBE52EBFB}</UniqueIdentifier>
      <Extensions>h;hh;hpp;hxx;h++;hm;inl;inc;ipp;xsd</Extensions>
    </Filter>
    <Filter Include="리소스 파일">
      <UniqueIdentifier>{67DA6AB6-F800-4c08-8B7A-83BB121AAD01}</UniqueIdentifier>
      <Extensions>rc;ico;cur;bmp;dlg;rc2;rct;bin;rgs;gif;jpg;jpeg;jpe;resx;tiff;tif;png;wav;mfcribbon-ms</Extensions>
    </Filter>
    <Filter Include="Common">
      <UniqueIdentifier>{67ed2f66-e5ed-413c-a22b-6e43e3e0d9c2}</UniqueIdentifier>
    </Filter>
    <Filter Include="Common\CVtListCtrlEx">
      <UniqueIdentifier>{07550799-ccd5-4b68-b343-ac929b331e8b}</UniqueIdentifier>
    </Filter>
  </ItemGroup>
  <ItemGroup>
    <ClInclude Include="Test_VtListCtrlEx_Non_Virtual.h">
      <Filter>헤더 파일</Filter>
    </ClInclude>
    <ClInclude Include="Test_VtListCtrlEx_Non_VirtualDlg.h">
      <Filter>헤더 파일</Filter>
    </ClInclude>
    <ClInclude Include="framework.h">
      <Filter>헤더 파일</Filter>
    </ClInclude>
    <ClInclude Include="targetver.h">
      <Filter>헤더 파일</Filter>
    </ClInclude>
    <ClInclude Include="Resource.h">
      <Filter>헤더 파일</Filter>
    </ClInclude>
    <ClInclude Include="pch.h">
      <Filter>헤더 파일</Filter>
    </ClInclude>
    <ClInclude Include="..\..\Common\CListCtrl\CVtListCtrlEx\HeaderCtrlEx.h">
      <Filter>Common\CVtListCtrlEx</Filter>
    </ClInclude>
    <ClInclude Include="..\..\Common\CListCtrl\CVtListCtrlEx\list_data.h">
      <Filter>Common\CVtListCtrlEx</Filter>
    </ClInclude>
    <ClInclude Include="..\..\Common\CListCtrl\CVtListCtrlEx\VtListCtrlEx.h">
      <Filter>Common\CVtListCtrlEx</Filter>
    </ClInclude>
    <ClInclude Include="..\..\Common\GdiplusBitmap.h">
      <Filter>Common</Filter>
    </ClInclude>
    <ClInclude Include="..\..\Common\MemoryDC.h">
      <Filter>Common</Filter>
    </ClInclude>
    <ClInclude Include="..\..\Common\colors.h">
      <Filter>Common</Filter>
    </ClInclude>
    <ClInclude Include="..\..\Common\Functions.h">
      <Filter>Common</Filter>
    </ClInclude>
    <ClInclude Include="..\..\Common\CButton\GdiButton\GdiButton.h">
      <Filter>Common</Filter>
    </ClInclude>
    <ClInclude Include="..\..\Common\system\ShellImageList\ShellImageList.h">
      <Filter>Common</Filter>
    </ClInclude>
    <ClInclude Include="..\..\Common\CEdit\SCEdit\SCEdit.h">
      <Filter>Common</Filter>
    </ClInclude>
    <ClInclude Include="..\..\Common\ResizeCtrl.h">
      <Filter>Common</Filter>
    </ClInclude>
  </ItemGroup>
  <ItemGroup>
    <ClCompile Include="Test_VtListCtrlEx_Non_Virtual.cpp">
      <Filter>소스 파일</Filter>
    </ClCompile>
    <ClCompile Include="Test_VtListCtrlEx_Non_VirtualDlg.cpp">
      <Filter>소스 파일</Filter>
    </ClCompile>
    <ClCompile Include="pch.cpp">
      <Filter>소스 파일</Filter>
    </ClCompile>
    <ClCompile Include="..\..\Common\CListCtrl\CVtListCtrlEx\list_data.cpp">
      <Filter>Common\CVtListCtrlEx</Filter>
    </ClCompile>
    <ClCompile Include="..\..\Common\CListCtrl\CVtListCtrlEx\VtListCtrlEx.cpp">
      <Filter>Common\CVtListCtrlEx</Filter>
    </ClCompile>
    <ClCompile Include="..\..\Common\CListCtrl\CVtListCtrlEx\HeaderCtrlEx.cpp">
      <Filter>Common\CVtListCtrlEx</Filter>
    </ClCompile>
    <ClCompile Include="..\..\Common\GdiplusBitmap.cpp">
      <Filter>Common</Filter>
    </ClCompile>
    <ClCompile Include="..\..\Common\colors.cpp">
      <Filter>Common</Filter>
    </ClCompile>
    <ClCompile Include="..\..\Common\Functions.cpp">
      <Filter>Common</Filter>
    </ClCompile>
    <ClCompile Include="..\..\Common\CButton\GdiButton\GdiButton.cpp">
      <Filter>Common</Filter>
    </ClCompile>
    <ClCompile Include="..\..\Common\system\ShellImageList\ShellImageList.cpp">
      <Filter>Common</Filter>
    </ClCompile>
    <ClCompile Include="..\..\Common\CEdit\SCEdit\SCEdit.cpp">
      <Filter>Common</Filter>
    </ClCompile>
    <ClCompile Include="..\..\Common\ResizeCtrl.cpp">
      <Filter>Common</Filter>
    </ClCompile>
  </ItemGroup>
  <ItemGroup>
    <ResourceCompile Include="TestVtListCtrlExNonVirtual.rc">
      <Filter>리소스 파일</Filter>
    </ResourceCompile>
  </ItemGroup>
  <ItemGroup>
    <None Include="res\TestVtListCtrlExNonVirtual.rc2">
      <Filter>리소스 파일</Filter>
    </None>
  </ItemGroup>
  <ItemGroup>
    <Image Include="res\Test_VtListCtrlEx_Non_Virtual.ico">
      <Filter>리소스 파일</Filter>
    </Image>
  </ItemGroup>
  <ItemGroup>
    <Text Include="..\..\Common\CListCtrl\CVtListCtrlEx\readme.txt">
      <Filter>Common\CVtListCtrlEx</Filter>
    </Text>
  </ItemGroup>
</Project>